// !$*UTF8*$!
{
	archiveVersion = 1;
	classes = {
	};
	objectVersion = 50;
	objects = {

/* Begin PBXBuildFile section */
		280A561425AFF6F4004B92A5 /* SetGame2021App.swift in Sources */ = {isa = PBXBuildFile; fileRef = 280A561325AFF6F4004B92A5 /* SetGame2021App.swift */; };
		280A561825AFF6F5004B92A5 /* Assets.xcassets in Resources */ = {isa = PBXBuildFile; fileRef = 280A561725AFF6F5004B92A5 /* Assets.xcassets */; };
		280A561B25AFF6F5004B92A5 /* Preview Assets.xcassets in Resources */ = {isa = PBXBuildFile; fileRef = 280A561A25AFF6F5004B92A5 /* Preview Assets.xcassets */; };
		280A562625AFF6F5004B92A5 /* ModelSetOfCardsTests.swift in Sources */ = {isa = PBXBuildFile; fileRef = 280A562525AFF6F5004B92A5 /* ModelSetOfCardsTests.swift */; };
		280A563125AFF6F5004B92A5 /* GameViewTests.swift in Sources */ = {isa = PBXBuildFile; fileRef = 280A563025AFF6F5004B92A5 /* GameViewTests.swift */; };
		280A564325AFFAF0004B92A5 /* Cardable.swift in Sources */ = {isa = PBXBuildFile; fileRef = 280A564225AFFAF0004B92A5 /* Cardable.swift */; };
		280A564B25AFFC19004B92A5 /* SetCardable.swift in Sources */ = {isa = PBXBuildFile; fileRef = 280A564A25AFFC19004B92A5 /* SetCardable.swift */; };
		280A565325AFFC9A004B92A5 /* SetCardableEnums.swift in Sources */ = {isa = PBXBuildFile; fileRef = 280A565225AFFC9A004B92A5 /* SetCardableEnums.swift */; };
		280A565825AFFD61004B92A5 /* SetCard.swift in Sources */ = {isa = PBXBuildFile; fileRef = 280A565725AFFD61004B92A5 /* SetCard.swift */; };
		28114D0725C7CAFF0047D8E8 /* NewGridView.swift in Sources */ = {isa = PBXBuildFile; fileRef = 28114D0625C7CAFF0047D8E8 /* NewGridView.swift */; };
		2814A70E25DB8DA500D5A102 /* GlobalAspect.swift in Sources */ = {isa = PBXBuildFile; fileRef = 2814A70D25DB8DA500D5A102 /* GlobalAspect.swift */; };
		2814ED2C25B947D300802262 /* View+Stacked.swift in Sources */ = {isa = PBXBuildFile; fileRef = 2814ED2B25B947D300802262 /* View+Stacked.swift */; };
		281A820D25D7A2F20010097B /* Array+ContainsViewCard.swift in Sources */ = {isa = PBXBuildFile; fileRef = 281A820C25D7A2F20010097B /* Array+ContainsViewCard.swift */; };
		281AD08825B179090054FDBD /* Array+AllEqual.swift in Sources */ = {isa = PBXBuildFile; fileRef = 281AD08725B179090054FDBD /* Array+AllEqual.swift */; };
		281AD09025B179140054FDBD /* Array+AllDifferent.swift in Sources */ = {isa = PBXBuildFile; fileRef = 281AD08F25B179140054FDBD /* Array+AllDifferent.swift */; };
		281AD09D25B184840054FDBD /* Array+GetMatchedIndex.swift in Sources */ = {isa = PBXBuildFile; fileRef = 281AD09C25B184840054FDBD /* Array+GetMatchedIndex.swift */; };
		2822DB8325C834CF004B54B3 /* NewCardView.swift in Sources */ = {isa = PBXBuildFile; fileRef = 2822DB8225C834CF004B54B3 /* NewCardView.swift */; };
		2826059225BBF6FC002EA47E /* Color+ColorSets.swift in Sources */ = {isa = PBXBuildFile; fileRef = 2826059125BBF6FC002EA47E /* Color+ColorSets.swift */; };
		2826DEDC25B58F530066F6DC /* SetGame.swift in Sources */ = {isa = PBXBuildFile; fileRef = 2826DEDB25B58F530066F6DC /* SetGame.swift */; };
		2826DEED25B590720066F6DC /* CardViewable.swift in Sources */ = {isa = PBXBuildFile; fileRef = 2826DEEC25B590720066F6DC /* CardViewable.swift */; };
		282A6E0F25D51E88007CDB0F /* Array+ContainsSetCard.swift in Sources */ = {isa = PBXBuildFile; fileRef = 282A6E0E25D51E88007CDB0F /* Array+ContainsSetCard.swift */; };
		282A6E1725D523CE007CDB0F /* Array+ContainsFullSet.swift in Sources */ = {isa = PBXBuildFile; fileRef = 282A6E1625D523CE007CDB0F /* Array+ContainsFullSet.swift */; };
		282A6E1C25D53154007CDB0F /* ScratchPaper.rtf in Resources */ = {isa = PBXBuildFile; fileRef = 282A6E1B25D53154007CDB0F /* ScratchPaper.rtf */; };
		282A6E2725D539D0007CDB0F /* 0_LogFile.rtf in Resources */ = {isa = PBXBuildFile; fileRef = 282A6E2625D539D0007CDB0F /* 0_LogFile.rtf */; };
		282D326225D77A8300F803F3 /* PrimaryButtonStyle.swift in Sources */ = {isa = PBXBuildFile; fileRef = 282D326125D77A8300F803F3 /* PrimaryButtonStyle.swift */; };
		283476C225DAA271009308E5 /* Haptics.swift in Sources */ = {isa = PBXBuildFile; fileRef = 283476C125DAA271009308E5 /* Haptics.swift */; };
		2842B73C25B66DF200A2D88D /* CGImage+stripes.swift in Sources */ = {isa = PBXBuildFile; fileRef = 2842B73B25B66DF200A2D88D /* CGImage+stripes.swift */; };
		2854B43C25CD0EBF00546AB3 /* Cardify.swift in Sources */ = {isa = PBXBuildFile; fileRef = 2854B43B25CD0EBF00546AB3 /* Cardify.swift */; };
		285DCA5D25CECA47000199CD /* AccessID.swift in Sources */ = {isa = PBXBuildFile; fileRef = 285DCA5C25CECA47000199CD /* AccessID.swift */; };
		28707AE325DE31E200B82EF6 /* GameViewNew.swift in Sources */ = {isa = PBXBuildFile; fileRef = 28707AE225DE31E200B82EF6 /* GameViewNew.swift */; };
		28707AF825DE335300B82EF6 /* ScreenTop.swift in Sources */ = {isa = PBXBuildFile; fileRef = 28707AF725DE335300B82EF6 /* ScreenTop.swift */; };
		28707AFD25DE368E00B82EF6 /* ScreenCenter.swift in Sources */ = {isa = PBXBuildFile; fileRef = 28707AFC25DE368E00B82EF6 /* ScreenCenter.swift */; };
		2880CC8525CE7E86008A1016 /* CardContentView.swift in Sources */ = {isa = PBXBuildFile; fileRef = 2880CC8425CE7E86008A1016 /* CardContentView.swift */; };
		28B4422425B03C950077217D /* SetOfCards.swift in Sources */ = {isa = PBXBuildFile; fileRef = 28B4422325B03C950077217D /* SetOfCards.swift */; };
		28B4422A25B03DCE0077217D /* CardGameable.swift in Sources */ = {isa = PBXBuildFile; fileRef = 28B4422925B03DCE0077217D /* CardGameable.swift */; };
		28B4A9D625B2B9B400E51CD3 /* GroupPreview.swift in Sources */ = {isa = PBXBuildFile; fileRef = 28B4A9D525B2B9B400E51CD3 /* GroupPreview.swift */; };
		28B4A9DE25B2B9D500E51CD3 /* Devices.swift in Sources */ = {isa = PBXBuildFile; fileRef = 28B4A9DD25B2B9D500E51CD3 /* Devices.swift */; };
		28B4A9E425B2BAAE00E51CD3 /* LaunchView.swift in Sources */ = {isa = PBXBuildFile; fileRef = 28B4A9E325B2BAAE00E51CD3 /* LaunchView.swift */; };
		28B4A9E925B2BC3F00E51CD3 /* Animations.swift in Sources */ = {isa = PBXBuildFile; fileRef = 28B4A9E825B2BC3F00E51CD3 /* Animations.swift */; };
		28C314C925D7EF0E00EC8A9E /* AvailableSets.swift in Sources */ = {isa = PBXBuildFile; fileRef = 28C314C825D7EF0E00EC8A9E /* AvailableSets.swift */; };
		28D3BCD625C589BE004040B7 /* GridConstructor.swift in Sources */ = {isa = PBXBuildFile; fileRef = 28D3BCD525C589BE004040B7 /* GridConstructor.swift */; };
		28D3BCDB25C58B79004040B7 /* ViewModelGridLayoutTests.swift in Sources */ = {isa = PBXBuildFile; fileRef = 28D3BCDA25C58B79004040B7 /* ViewModelGridLayoutTests.swift */; };
		28DD220B25CA688200D42956 /* PositionTracking.swift in Sources */ = {isa = PBXBuildFile; fileRef = 28DD220A25CA688200D42956 /* PositionTracking.swift */; };
		28F92C2D25C91D94003D1B71 /* SingleCardContentView.swift in Sources */ = {isa = PBXBuildFile; fileRef = 28F92C2C25C91D94003D1B71 /* SingleCardContentView.swift */; };
		28FF168625B6907E007E4F7F /* ViewCardable.swift in Sources */ = {isa = PBXBuildFile; fileRef = 28FF168525B6907E007E4F7F /* ViewCardable.swift */; };
		28FF168E25B6AE45007E4F7F /* Diamond.swift in Sources */ = {isa = PBXBuildFile; fileRef = 28FF168D25B6AE45007E4F7F /* Diamond.swift */; };
		28FF169625B6B3B3007E4F7F /* Squiggle.swift in Sources */ = {isa = PBXBuildFile; fileRef = 28FF169525B6B3B3007E4F7F /* Squiggle.swift */; };
		28FF169E25B6D637007E4F7F /* Oval.swift in Sources */ = {isa = PBXBuildFile; fileRef = 28FF169D25B6D637007E4F7F /* Oval.swift */; };
		28FF16A825B6DC47007E4F7F /* Shape+FillWithShading.swift in Sources */ = {isa = PBXBuildFile; fileRef = 28FF16A725B6DC47007E4F7F /* Shape+FillWithShading.swift */; };
		28FF16B025B6E1C2007E4F7F /* GameView.swift in Sources */ = {isa = PBXBuildFile; fileRef = 28FF16AF25B6E1C2007E4F7F /* GameView.swift */; };
		28FF16B525B6E6A5007E4F7F /* LabelVM.swift in Sources */ = {isa = PBXBuildFile; fileRef = 28FF16B425B6E6A5007E4F7F /* LabelVM.swift */; };
		28FF16BA25B6F00D007E4F7F /* View+LabelVM.swift in Sources */ = {isa = PBXBuildFile; fileRef = 28FF16B925B6F00D007E4F7F /* View+LabelVM.swift */; };
		28FF16C725B6F0EA007E4F7F /* TextContent.swift in Sources */ = {isa = PBXBuildFile; fileRef = 28FF16C625B6F0EA007E4F7F /* TextContent.swift */; };
/* End PBXBuildFile section */

/* Begin PBXContainerItemProxy section */
		280A562225AFF6F5004B92A5 /* PBXContainerItemProxy */ = {
			isa = PBXContainerItemProxy;
			containerPortal = 280A560825AFF6F4004B92A5 /* Project object */;
			proxyType = 1;
			remoteGlobalIDString = 280A560F25AFF6F4004B92A5;
			remoteInfo = SetGame2021;
		};
		280A562D25AFF6F5004B92A5 /* PBXContainerItemProxy */ = {
			isa = PBXContainerItemProxy;
			containerPortal = 280A560825AFF6F4004B92A5 /* Project object */;
			proxyType = 1;
			remoteGlobalIDString = 280A560F25AFF6F4004B92A5;
			remoteInfo = SetGame2021;
		};
/* End PBXContainerItemProxy section */

/* Begin PBXFileReference section */
		280A561025AFF6F4004B92A5 /* SetGame2021.app */ = {isa = PBXFileReference; explicitFileType = wrapper.application; includeInIndex = 0; path = SetGame2021.app; sourceTree = BUILT_PRODUCTS_DIR; };
		280A561325AFF6F4004B92A5 /* SetGame2021App.swift */ = {isa = PBXFileReference; lastKnownFileType = sourcecode.swift; path = SetGame2021App.swift; sourceTree = "<group>"; };
		280A561725AFF6F5004B92A5 /* Assets.xcassets */ = {isa = PBXFileReference; lastKnownFileType = folder.assetcatalog; path = Assets.xcassets; sourceTree = "<group>"; };
		280A561A25AFF6F5004B92A5 /* Preview Assets.xcassets */ = {isa = PBXFileReference; lastKnownFileType = folder.assetcatalog; path = "Preview Assets.xcassets"; sourceTree = "<group>"; };
		280A561C25AFF6F5004B92A5 /* Info.plist */ = {isa = PBXFileReference; lastKnownFileType = text.plist.xml; path = Info.plist; sourceTree = "<group>"; };
		280A562125AFF6F5004B92A5 /* SetGame2021Tests.xctest */ = {isa = PBXFileReference; explicitFileType = wrapper.cfbundle; includeInIndex = 0; path = SetGame2021Tests.xctest; sourceTree = BUILT_PRODUCTS_DIR; };
		280A562525AFF6F5004B92A5 /* ModelSetOfCardsTests.swift */ = {isa = PBXFileReference; lastKnownFileType = sourcecode.swift; path = ModelSetOfCardsTests.swift; sourceTree = "<group>"; };
		280A562725AFF6F5004B92A5 /* Info.plist */ = {isa = PBXFileReference; lastKnownFileType = text.plist.xml; path = Info.plist; sourceTree = "<group>"; };
		280A562C25AFF6F5004B92A5 /* SetGame2021UITests.xctest */ = {isa = PBXFileReference; explicitFileType = wrapper.cfbundle; includeInIndex = 0; path = SetGame2021UITests.xctest; sourceTree = BUILT_PRODUCTS_DIR; };
		280A563025AFF6F5004B92A5 /* GameViewTests.swift */ = {isa = PBXFileReference; lastKnownFileType = sourcecode.swift; path = GameViewTests.swift; sourceTree = "<group>"; };
		280A563225AFF6F5004B92A5 /* Info.plist */ = {isa = PBXFileReference; lastKnownFileType = text.plist.xml; path = Info.plist; sourceTree = "<group>"; };
		280A564225AFFAF0004B92A5 /* Cardable.swift */ = {isa = PBXFileReference; lastKnownFileType = sourcecode.swift; path = Cardable.swift; sourceTree = "<group>"; };
		280A564A25AFFC19004B92A5 /* SetCardable.swift */ = {isa = PBXFileReference; lastKnownFileType = sourcecode.swift; path = SetCardable.swift; sourceTree = "<group>"; };
		280A565225AFFC9A004B92A5 /* SetCardableEnums.swift */ = {isa = PBXFileReference; lastKnownFileType = sourcecode.swift; path = SetCardableEnums.swift; sourceTree = "<group>"; };
		280A565725AFFD61004B92A5 /* SetCard.swift */ = {isa = PBXFileReference; lastKnownFileType = sourcecode.swift; path = SetCard.swift; sourceTree = "<group>"; };
		28114D0625C7CAFF0047D8E8 /* NewGridView.swift */ = {isa = PBXFileReference; lastKnownFileType = sourcecode.swift; path = NewGridView.swift; sourceTree = "<group>"; };
		2814A70D25DB8DA500D5A102 /* GlobalAspect.swift */ = {isa = PBXFileReference; lastKnownFileType = sourcecode.swift; path = GlobalAspect.swift; sourceTree = "<group>"; };
		2814ED2B25B947D300802262 /* View+Stacked.swift */ = {isa = PBXFileReference; lastKnownFileType = sourcecode.swift; path = "View+Stacked.swift"; sourceTree = "<group>"; };
		281A820C25D7A2F20010097B /* Array+ContainsViewCard.swift */ = {isa = PBXFileReference; lastKnownFileType = sourcecode.swift; path = "Array+ContainsViewCard.swift"; sourceTree = "<group>"; };
		281AD08725B179090054FDBD /* Array+AllEqual.swift */ = {isa = PBXFileReference; lastKnownFileType = sourcecode.swift; path = "Array+AllEqual.swift"; sourceTree = "<group>"; };
		281AD08F25B179140054FDBD /* Array+AllDifferent.swift */ = {isa = PBXFileReference; lastKnownFileType = sourcecode.swift; path = "Array+AllDifferent.swift"; sourceTree = "<group>"; };
		281AD09C25B184840054FDBD /* Array+GetMatchedIndex.swift */ = {isa = PBXFileReference; lastKnownFileType = sourcecode.swift; path = "Array+GetMatchedIndex.swift"; sourceTree = "<group>"; };
		2822DB8225C834CF004B54B3 /* NewCardView.swift */ = {isa = PBXFileReference; lastKnownFileType = sourcecode.swift; path = NewCardView.swift; sourceTree = "<group>"; };
		2826059125BBF6FC002EA47E /* Color+ColorSets.swift */ = {isa = PBXFileReference; lastKnownFileType = sourcecode.swift; path = "Color+ColorSets.swift"; sourceTree = "<group>"; };
		2826DEDB25B58F530066F6DC /* SetGame.swift */ = {isa = PBXFileReference; lastKnownFileType = sourcecode.swift; path = SetGame.swift; sourceTree = "<group>"; };
		2826DEEC25B590720066F6DC /* CardViewable.swift */ = {isa = PBXFileReference; lastKnownFileType = sourcecode.swift; path = CardViewable.swift; sourceTree = "<group>"; };
		282A6E0E25D51E88007CDB0F /* Array+ContainsSetCard.swift */ = {isa = PBXFileReference; lastKnownFileType = sourcecode.swift; path = "Array+ContainsSetCard.swift"; sourceTree = "<group>"; };
		282A6E1625D523CE007CDB0F /* Array+ContainsFullSet.swift */ = {isa = PBXFileReference; lastKnownFileType = sourcecode.swift; path = "Array+ContainsFullSet.swift"; sourceTree = "<group>"; };
		282A6E1B25D53154007CDB0F /* ScratchPaper.rtf */ = {isa = PBXFileReference; lastKnownFileType = text.rtf; path = ScratchPaper.rtf; sourceTree = "<group>"; };
		282A6E2625D539D0007CDB0F /* 0_LogFile.rtf */ = {isa = PBXFileReference; lastKnownFileType = text.rtf; path = 0_LogFile.rtf; sourceTree = "<group>"; };
		282D326125D77A8300F803F3 /* PrimaryButtonStyle.swift */ = {isa = PBXFileReference; lastKnownFileType = sourcecode.swift; path = PrimaryButtonStyle.swift; sourceTree = "<group>"; };
		283476C125DAA271009308E5 /* Haptics.swift */ = {isa = PBXFileReference; lastKnownFileType = sourcecode.swift; path = Haptics.swift; sourceTree = "<group>"; };
		2842B73B25B66DF200A2D88D /* CGImage+stripes.swift */ = {isa = PBXFileReference; lastKnownFileType = sourcecode.swift; path = "CGImage+stripes.swift"; sourceTree = "<group>"; };
		2854B43B25CD0EBF00546AB3 /* Cardify.swift */ = {isa = PBXFileReference; lastKnownFileType = sourcecode.swift; path = Cardify.swift; sourceTree = "<group>"; };
		285DCA5C25CECA47000199CD /* AccessID.swift */ = {isa = PBXFileReference; lastKnownFileType = sourcecode.swift; path = AccessID.swift; sourceTree = "<group>"; };
		28707AE225DE31E200B82EF6 /* GameViewNew.swift */ = {isa = PBXFileReference; lastKnownFileType = sourcecode.swift; path = GameViewNew.swift; sourceTree = "<group>"; };
		28707AF725DE335300B82EF6 /* ScreenTop.swift */ = {isa = PBXFileReference; lastKnownFileType = sourcecode.swift; path = ScreenTop.swift; sourceTree = "<group>"; };
		28707AFC25DE368E00B82EF6 /* ScreenCenter.swift */ = {isa = PBXFileReference; lastKnownFileType = sourcecode.swift; path = ScreenCenter.swift; sourceTree = "<group>"; };
		2880CC8425CE7E86008A1016 /* CardContentView.swift */ = {isa = PBXFileReference; lastKnownFileType = sourcecode.swift; path = CardContentView.swift; sourceTree = "<group>"; };
		28B4422325B03C950077217D /* SetOfCards.swift */ = {isa = PBXFileReference; lastKnownFileType = sourcecode.swift; path = SetOfCards.swift; sourceTree = "<group>"; };
		28B4422925B03DCE0077217D /* CardGameable.swift */ = {isa = PBXFileReference; lastKnownFileType = sourcecode.swift; path = CardGameable.swift; sourceTree = "<group>"; };
		28B4A9D525B2B9B400E51CD3 /* GroupPreview.swift */ = {isa = PBXFileReference; lastKnownFileType = sourcecode.swift; path = GroupPreview.swift; sourceTree = "<group>"; };
		28B4A9DD25B2B9D500E51CD3 /* Devices.swift */ = {isa = PBXFileReference; lastKnownFileType = sourcecode.swift; path = Devices.swift; sourceTree = "<group>"; };
		28B4A9E325B2BAAE00E51CD3 /* LaunchView.swift */ = {isa = PBXFileReference; lastKnownFileType = sourcecode.swift; path = LaunchView.swift; sourceTree = "<group>"; };
		28B4A9E825B2BC3F00E51CD3 /* Animations.swift */ = {isa = PBXFileReference; lastKnownFileType = sourcecode.swift; path = Animations.swift; sourceTree = "<group>"; };
		28C314C825D7EF0E00EC8A9E /* AvailableSets.swift */ = {isa = PBXFileReference; lastKnownFileType = sourcecode.swift; path = AvailableSets.swift; sourceTree = "<group>"; };
		28D3BCD525C589BE004040B7 /* GridConstructor.swift */ = {isa = PBXFileReference; lastKnownFileType = sourcecode.swift; path = GridConstructor.swift; sourceTree = "<group>"; };
		28D3BCDA25C58B79004040B7 /* ViewModelGridLayoutTests.swift */ = {isa = PBXFileReference; lastKnownFileType = sourcecode.swift; path = ViewModelGridLayoutTests.swift; sourceTree = "<group>"; };
		28DD220A25CA688200D42956 /* PositionTracking.swift */ = {isa = PBXFileReference; lastKnownFileType = sourcecode.swift; path = PositionTracking.swift; sourceTree = "<group>"; };
		28F92C2C25C91D94003D1B71 /* SingleCardContentView.swift */ = {isa = PBXFileReference; lastKnownFileType = sourcecode.swift; path = SingleCardContentView.swift; sourceTree = "<group>"; };
		28FF168525B6907E007E4F7F /* ViewCardable.swift */ = {isa = PBXFileReference; lastKnownFileType = sourcecode.swift; path = ViewCardable.swift; sourceTree = "<group>"; };
		28FF168D25B6AE45007E4F7F /* Diamond.swift */ = {isa = PBXFileReference; lastKnownFileType = sourcecode.swift; path = Diamond.swift; sourceTree = "<group>"; };
		28FF169525B6B3B3007E4F7F /* Squiggle.swift */ = {isa = PBXFileReference; lastKnownFileType = sourcecode.swift; path = Squiggle.swift; sourceTree = "<group>"; };
		28FF169D25B6D637007E4F7F /* Oval.swift */ = {isa = PBXFileReference; lastKnownFileType = sourcecode.swift; path = Oval.swift; sourceTree = "<group>"; };
		28FF16A725B6DC47007E4F7F /* Shape+FillWithShading.swift */ = {isa = PBXFileReference; lastKnownFileType = sourcecode.swift; path = "Shape+FillWithShading.swift"; sourceTree = "<group>"; };
		28FF16AF25B6E1C2007E4F7F /* GameView.swift */ = {isa = PBXFileReference; lastKnownFileType = sourcecode.swift; path = GameView.swift; sourceTree = "<group>"; };
		28FF16B425B6E6A5007E4F7F /* LabelVM.swift */ = {isa = PBXFileReference; lastKnownFileType = sourcecode.swift; path = LabelVM.swift; sourceTree = "<group>"; };
		28FF16B925B6F00D007E4F7F /* View+LabelVM.swift */ = {isa = PBXFileReference; lastKnownFileType = sourcecode.swift; path = "View+LabelVM.swift"; sourceTree = "<group>"; };
		28FF16C625B6F0EA007E4F7F /* TextContent.swift */ = {isa = PBXFileReference; lastKnownFileType = sourcecode.swift; path = TextContent.swift; sourceTree = "<group>"; };
/* End PBXFileReference section */

/* Begin PBXFrameworksBuildPhase section */
		280A560D25AFF6F4004B92A5 /* Frameworks */ = {
			isa = PBXFrameworksBuildPhase;
			buildActionMask = 2147483647;
			files = (
			);
			runOnlyForDeploymentPostprocessing = 0;
		};
		280A561E25AFF6F5004B92A5 /* Frameworks */ = {
			isa = PBXFrameworksBuildPhase;
			buildActionMask = 2147483647;
			files = (
			);
			runOnlyForDeploymentPostprocessing = 0;
		};
		280A562925AFF6F5004B92A5 /* Frameworks */ = {
			isa = PBXFrameworksBuildPhase;
			buildActionMask = 2147483647;
			files = (
			);
			runOnlyForDeploymentPostprocessing = 0;
		};
/* End PBXFrameworksBuildPhase section */

/* Begin PBXGroup section */
		280A560725AFF6F4004B92A5 = {
			isa = PBXGroup;
			children = (
				280A561225AFF6F4004B92A5 /* SetGame2021 */,
				280A562425AFF6F5004B92A5 /* SetGame2021Tests */,
				280A562F25AFF6F5004B92A5 /* SetGame2021UITests */,
				280A561125AFF6F4004B92A5 /* Products */,
			);
			sourceTree = "<group>";
		};
		280A561125AFF6F4004B92A5 /* Products */ = {
			isa = PBXGroup;
			children = (
				280A561025AFF6F4004B92A5 /* SetGame2021.app */,
				280A562125AFF6F5004B92A5 /* SetGame2021Tests.xctest */,
				280A562C25AFF6F5004B92A5 /* SetGame2021UITests.xctest */,
			);
			name = Products;
			sourceTree = "<group>";
		};
		280A561225AFF6F4004B92A5 /* SetGame2021 */ = {
			isa = PBXGroup;
			children = (
				282A6E2625D539D0007CDB0F /* 0_LogFile.rtf */,
				28B7A56C25CEAA1000C05F8C /* Archive */,
				280A561725AFF6F5004B92A5 /* Assets.xcassets */,
				281AD08625B178F60054FDBD /* Extensions */,
				280A561C25AFF6F5004B92A5 /* Info.plist */,
				280A564125AFFADE004B92A5 /* Model */,
				280A561925AFF6F5004B92A5 /* Preview Content */,
				280A561325AFF6F4004B92A5 /* SetGame2021App.swift */,
				28B4A9D325B2B95900E51CD3 /* View */,
				28B4A9D425B2B95F00E51CD3 /* ViewModel */,
			);
			path = SetGame2021;
			sourceTree = "<group>";
		};
		280A561925AFF6F5004B92A5 /* Preview Content */ = {
			isa = PBXGroup;
			children = (
				280A561A25AFF6F5004B92A5 /* Preview Assets.xcassets */,
			);
			path = "Preview Content";
			sourceTree = "<group>";
		};
		280A562425AFF6F5004B92A5 /* SetGame2021Tests */ = {
			isa = PBXGroup;
			children = (
				280A562725AFF6F5004B92A5 /* Info.plist */,
				280A562525AFF6F5004B92A5 /* ModelSetOfCardsTests.swift */,
				28D3BCDA25C58B79004040B7 /* ViewModelGridLayoutTests.swift */,
			);
			path = SetGame2021Tests;
			sourceTree = "<group>";
		};
		280A562F25AFF6F5004B92A5 /* SetGame2021UITests */ = {
			isa = PBXGroup;
			children = (
				280A563025AFF6F5004B92A5 /* GameViewTests.swift */,
				280A563225AFF6F5004B92A5 /* Info.plist */,
			);
			path = SetGame2021UITests;
			sourceTree = "<group>";
		};
		280A564125AFFADE004B92A5 /* Model */ = {
			isa = PBXGroup;
			children = (
				28B4422825B03DB30077217D /* Protocols */,
				280A565225AFFC9A004B92A5 /* SetCardableEnums.swift */,
				280A565725AFFD61004B92A5 /* SetCard.swift */,
				28B4422325B03C950077217D /* SetOfCards.swift */,
			);
			path = Model;
			sourceTree = "<group>";
		};
		2814ED2225B9424800802262 /* Grid */ = {
			isa = PBXGroup;
			children = (
				28114D0625C7CAFF0047D8E8 /* NewGridView.swift */,
			);
			path = Grid;
			sourceTree = "<group>";
		};
		281AD08625B178F60054FDBD /* Extensions */ = {
			isa = PBXGroup;
			children = (
				281AD08725B179090054FDBD /* Array+AllEqual.swift */,
				281AD08F25B179140054FDBD /* Array+AllDifferent.swift */,
				281AD09C25B184840054FDBD /* Array+GetMatchedIndex.swift */,
				2842B73B25B66DF200A2D88D /* CGImage+stripes.swift */,
				28FF16A725B6DC47007E4F7F /* Shape+FillWithShading.swift */,
				28FF16B925B6F00D007E4F7F /* View+LabelVM.swift */,
				2814ED2B25B947D300802262 /* View+Stacked.swift */,
				2826059125BBF6FC002EA47E /* Color+ColorSets.swift */,
				282A6E0E25D51E88007CDB0F /* Array+ContainsSetCard.swift */,
				281A820C25D7A2F20010097B /* Array+ContainsViewCard.swift */,
				282A6E1625D523CE007CDB0F /* Array+ContainsFullSet.swift */,
			);
			path = Extensions;
			sourceTree = "<group>";
		};
		2826DEE025B5904A0066F6DC /* Protocols */ = {
			isa = PBXGroup;
			children = (
				2826DEEC25B590720066F6DC /* CardViewable.swift */,
				28FF168525B6907E007E4F7F /* ViewCardable.swift */,
			);
			path = Protocols;
			sourceTree = "<group>";
		};
		282D326025D77A6700F803F3 /* Button */ = {
			isa = PBXGroup;
			children = (
				282D326125D77A8300F803F3 /* PrimaryButtonStyle.swift */,
			);
			path = Button;
			sourceTree = "<group>";
		};
		2842B73A25B66DC000A2D88D /* Card */ = {
			isa = PBXGroup;
			children = (
				28FF168D25B6AE45007E4F7F /* Diamond.swift */,
				28FF169D25B6D637007E4F7F /* Oval.swift */,
				28FF169525B6B3B3007E4F7F /* Squiggle.swift */,
				28F92C2C25C91D94003D1B71 /* SingleCardContentView.swift */,
				2854B43B25CD0EBF00546AB3 /* Cardify.swift */,
				2880CC8425CE7E86008A1016 /* CardContentView.swift */,
			);
			path = Card;
			sourceTree = "<group>";
		};
		28707AE125DE31B700B82EF6 /* GameSubViews */ = {
			isa = PBXGroup;
			children = (
				28707AF725DE335300B82EF6 /* ScreenTop.swift */,
				28707AFC25DE368E00B82EF6 /* ScreenCenter.swift */,
			);
			path = GameSubViews;
			sourceTree = "<group>";
		};
		28B4422825B03DB30077217D /* Protocols */ = {
			isa = PBXGroup;
			children = (
				280A564A25AFFC19004B92A5 /* SetCardable.swift */,
				280A564225AFFAF0004B92A5 /* Cardable.swift */,
				28B4422925B03DCE0077217D /* CardGameable.swift */,
			);
			path = Protocols;
			sourceTree = "<group>";
		};
		28B4A9D325B2B95900E51CD3 /* View */ = {
			isa = PBXGroup;
			children = (
				282D326025D77A6700F803F3 /* Button */,
				2814ED2225B9424800802262 /* Grid */,
				2842B73A25B66DC000A2D88D /* Card */,
				2826DEE025B5904A0066F6DC /* Protocols */,
				28B4A9E225B2BA9100E51CD3 /* MainViews */,
				28B4A9D525B2B9B400E51CD3 /* GroupPreview.swift */,
				28B4A9DD25B2B9D500E51CD3 /* Devices.swift */,
				28FF16B425B6E6A5007E4F7F /* LabelVM.swift */,
				28DD220A25CA688200D42956 /* PositionTracking.swift */,
			);
			path = View;
			sourceTree = "<group>";
		};
		28B4A9D425B2B95F00E51CD3 /* ViewModel */ = {
			isa = PBXGroup;
			children = (
				285DCA5C25CECA47000199CD /* AccessID.swift */,
				28B4A9E825B2BC3F00E51CD3 /* Animations.swift */,
				2826DEDB25B58F530066F6DC /* SetGame.swift */,
				28FF16C625B6F0EA007E4F7F /* TextContent.swift */,
				28D3BCD525C589BE004040B7 /* GridConstructor.swift */,
				28C314C825D7EF0E00EC8A9E /* AvailableSets.swift */,
				283476C125DAA271009308E5 /* Haptics.swift */,
				2814A70D25DB8DA500D5A102 /* GlobalAspect.swift */,
			);
			path = ViewModel;
			sourceTree = "<group>";
		};
		28B4A9E225B2BA9100E51CD3 /* MainViews */ = {
			isa = PBXGroup;
			children = (
				28707AE125DE31B700B82EF6 /* GameSubViews */,
				28B4A9E325B2BAAE00E51CD3 /* LaunchView.swift */,
				28FF16AF25B6E1C2007E4F7F /* GameView.swift */,
				28707AE225DE31E200B82EF6 /* GameViewNew.swift */,
			);
			path = MainViews;
			sourceTree = "<group>";
		};
		28B7A56C25CEAA1000C05F8C /* Archive */ = {
			isa = PBXGroup;
			children = (
				2822DB8225C834CF004B54B3 /* NewCardView.swift */,
				282A6E1B25D53154007CDB0F /* ScratchPaper.rtf */,
			);
			path = Archive;
			sourceTree = "<group>";
		};
/* End PBXGroup section */

/* Begin PBXNativeTarget section */
		280A560F25AFF6F4004B92A5 /* SetGame2021 */ = {
			isa = PBXNativeTarget;
			buildConfigurationList = 280A563525AFF6F5004B92A5 /* Build configuration list for PBXNativeTarget "SetGame2021" */;
			buildPhases = (
				280A560C25AFF6F4004B92A5 /* Sources */,
				280A560D25AFF6F4004B92A5 /* Frameworks */,
				280A560E25AFF6F4004B92A5 /* Resources */,
			);
			buildRules = (
			);
			dependencies = (
			);
			name = SetGame2021;
			productName = SetGame2021;
			productReference = 280A561025AFF6F4004B92A5 /* SetGame2021.app */;
			productType = "com.apple.product-type.application";
		};
		280A562025AFF6F5004B92A5 /* SetGame2021Tests */ = {
			isa = PBXNativeTarget;
			buildConfigurationList = 280A563825AFF6F5004B92A5 /* Build configuration list for PBXNativeTarget "SetGame2021Tests" */;
			buildPhases = (
				280A561D25AFF6F5004B92A5 /* Sources */,
				280A561E25AFF6F5004B92A5 /* Frameworks */,
				280A561F25AFF6F5004B92A5 /* Resources */,
			);
			buildRules = (
			);
			dependencies = (
				280A562325AFF6F5004B92A5 /* PBXTargetDependency */,
			);
			name = SetGame2021Tests;
			productName = SetGame2021Tests;
			productReference = 280A562125AFF6F5004B92A5 /* SetGame2021Tests.xctest */;
			productType = "com.apple.product-type.bundle.unit-test";
		};
		280A562B25AFF6F5004B92A5 /* SetGame2021UITests */ = {
			isa = PBXNativeTarget;
			buildConfigurationList = 280A563B25AFF6F5004B92A5 /* Build configuration list for PBXNativeTarget "SetGame2021UITests" */;
			buildPhases = (
				280A562825AFF6F5004B92A5 /* Sources */,
				280A562925AFF6F5004B92A5 /* Frameworks */,
				280A562A25AFF6F5004B92A5 /* Resources */,
			);
			buildRules = (
			);
			dependencies = (
				280A562E25AFF6F5004B92A5 /* PBXTargetDependency */,
			);
			name = SetGame2021UITests;
			productName = SetGame2021UITests;
			productReference = 280A562C25AFF6F5004B92A5 /* SetGame2021UITests.xctest */;
			productType = "com.apple.product-type.bundle.ui-testing";
		};
/* End PBXNativeTarget section */

/* Begin PBXProject section */
		280A560825AFF6F4004B92A5 /* Project object */ = {
			isa = PBXProject;
			attributes = {
				LastSwiftUpdateCheck = 1230;
				LastUpgradeCheck = 1230;
				TargetAttributes = {
					280A560F25AFF6F4004B92A5 = {
						CreatedOnToolsVersion = 12.3;
					};
					280A562025AFF6F5004B92A5 = {
						CreatedOnToolsVersion = 12.3;
						TestTargetID = 280A560F25AFF6F4004B92A5;
					};
					280A562B25AFF6F5004B92A5 = {
						CreatedOnToolsVersion = 12.3;
						TestTargetID = 280A560F25AFF6F4004B92A5;
					};
				};
			};
			buildConfigurationList = 280A560B25AFF6F4004B92A5 /* Build configuration list for PBXProject "SetGame2021" */;
			compatibilityVersion = "Xcode 9.3";
			developmentRegion = en;
			hasScannedForEncodings = 0;
			knownRegions = (
				en,
				Base,
			);
			mainGroup = 280A560725AFF6F4004B92A5;
			productRefGroup = 280A561125AFF6F4004B92A5 /* Products */;
			projectDirPath = "";
			projectRoot = "";
			targets = (
				280A560F25AFF6F4004B92A5 /* SetGame2021 */,
				280A562025AFF6F5004B92A5 /* SetGame2021Tests */,
				280A562B25AFF6F5004B92A5 /* SetGame2021UITests */,
			);
		};
/* End PBXProject section */

/* Begin PBXResourcesBuildPhase section */
		280A560E25AFF6F4004B92A5 /* Resources */ = {
			isa = PBXResourcesBuildPhase;
			buildActionMask = 2147483647;
			files = (
				280A561B25AFF6F5004B92A5 /* Preview Assets.xcassets in Resources */,
				282A6E1C25D53154007CDB0F /* ScratchPaper.rtf in Resources */,
				280A561825AFF6F5004B92A5 /* Assets.xcassets in Resources */,
				282A6E2725D539D0007CDB0F /* 0_LogFile.rtf in Resources */,
			);
			runOnlyForDeploymentPostprocessing = 0;
		};
		280A561F25AFF6F5004B92A5 /* Resources */ = {
			isa = PBXResourcesBuildPhase;
			buildActionMask = 2147483647;
			files = (
			);
			runOnlyForDeploymentPostprocessing = 0;
		};
		280A562A25AFF6F5004B92A5 /* Resources */ = {
			isa = PBXResourcesBuildPhase;
			buildActionMask = 2147483647;
			files = (
			);
			runOnlyForDeploymentPostprocessing = 0;
		};
/* End PBXResourcesBuildPhase section */

/* Begin PBXSourcesBuildPhase section */
		280A560C25AFF6F4004B92A5 /* Sources */ = {
			isa = PBXSourcesBuildPhase;
			buildActionMask = 2147483647;
			files = (
				2814ED2C25B947D300802262 /* View+Stacked.swift in Sources */,
				281A820D25D7A2F20010097B /* Array+ContainsViewCard.swift in Sources */,
				2880CC8525CE7E86008A1016 /* CardContentView.swift in Sources */,
				28FF169625B6B3B3007E4F7F /* Squiggle.swift in Sources */,
				28B4A9D625B2B9B400E51CD3 /* GroupPreview.swift in Sources */,
				28707AF825DE335300B82EF6 /* ScreenTop.swift in Sources */,
				28DD220B25CA688200D42956 /* PositionTracking.swift in Sources */,
				280A565825AFFD61004B92A5 /* SetCard.swift in Sources */,
				28F92C2D25C91D94003D1B71 /* SingleCardContentView.swift in Sources */,
				28114D0725C7CAFF0047D8E8 /* NewGridView.swift in Sources */,
				28FF168625B6907E007E4F7F /* ViewCardable.swift in Sources */,
				28FF16C725B6F0EA007E4F7F /* TextContent.swift in Sources */,
				28FF168E25B6AE45007E4F7F /* Diamond.swift in Sources */,
				28B4A9E425B2BAAE00E51CD3 /* LaunchView.swift in Sources */,
				280A565325AFFC9A004B92A5 /* SetCardableEnums.swift in Sources */,
				283476C225DAA271009308E5 /* Haptics.swift in Sources */,
				28707AE325DE31E200B82EF6 /* GameViewNew.swift in Sources */,
				282A6E1725D523CE007CDB0F /* Array+ContainsFullSet.swift in Sources */,
				280A564325AFFAF0004B92A5 /* Cardable.swift in Sources */,
				282D326225D77A8300F803F3 /* PrimaryButtonStyle.swift in Sources */,
				2826DEED25B590720066F6DC /* CardViewable.swift in Sources */,
				281AD09D25B184840054FDBD /* Array+GetMatchedIndex.swift in Sources */,
				28707AFD25DE368E00B82EF6 /* ScreenCenter.swift in Sources */,
				28FF16A825B6DC47007E4F7F /* Shape+FillWithShading.swift in Sources */,
				2826059225BBF6FC002EA47E /* Color+ColorSets.swift in Sources */,
				28D3BCD625C589BE004040B7 /* GridConstructor.swift in Sources */,
				28B4422425B03C950077217D /* SetOfCards.swift in Sources */,
				28FF169E25B6D637007E4F7F /* Oval.swift in Sources */,
				28FF16B025B6E1C2007E4F7F /* GameView.swift in Sources */,
				2826DEDC25B58F530066F6DC /* SetGame.swift in Sources */,
				28FF16BA25B6F00D007E4F7F /* View+LabelVM.swift in Sources */,
				2842B73C25B66DF200A2D88D /* CGImage+stripes.swift in Sources */,
				28B4A9DE25B2B9D500E51CD3 /* Devices.swift in Sources */,
				281AD09025B179140054FDBD /* Array+AllDifferent.swift in Sources */,
				28FF16B525B6E6A5007E4F7F /* LabelVM.swift in Sources */,
				28C314C925D7EF0E00EC8A9E /* AvailableSets.swift in Sources */,
				281AD08825B179090054FDBD /* Array+AllEqual.swift in Sources */,
				28B4A9E925B2BC3F00E51CD3 /* Animations.swift in Sources */,
				2854B43C25CD0EBF00546AB3 /* Cardify.swift in Sources */,
				2822DB8325C834CF004B54B3 /* NewCardView.swift in Sources */,
				2814A70E25DB8DA500D5A102 /* GlobalAspect.swift in Sources */,
				28B4422A25B03DCE0077217D /* CardGameable.swift in Sources */,
				282A6E0F25D51E88007CDB0F /* Array+ContainsSetCard.swift in Sources */,
				280A564B25AFFC19004B92A5 /* SetCardable.swift in Sources */,
				285DCA5D25CECA47000199CD /* AccessID.swift in Sources */,
				280A561425AFF6F4004B92A5 /* SetGame2021App.swift in Sources */,
			);
			runOnlyForDeploymentPostprocessing = 0;
		};
		280A561D25AFF6F5004B92A5 /* Sources */ = {
			isa = PBXSourcesBuildPhase;
			buildActionMask = 2147483647;
			files = (
				28D3BCDB25C58B79004040B7 /* ViewModelGridLayoutTests.swift in Sources */,
				280A562625AFF6F5004B92A5 /* ModelSetOfCardsTests.swift in Sources */,
			);
			runOnlyForDeploymentPostprocessing = 0;
		};
		280A562825AFF6F5004B92A5 /* Sources */ = {
			isa = PBXSourcesBuildPhase;
			buildActionMask = 2147483647;
			files = (
				280A563125AFF6F5004B92A5 /* GameViewTests.swift in Sources */,
			);
			runOnlyForDeploymentPostprocessing = 0;
		};
/* End PBXSourcesBuildPhase section */

/* Begin PBXTargetDependency section */
		280A562325AFF6F5004B92A5 /* PBXTargetDependency */ = {
			isa = PBXTargetDependency;
			target = 280A560F25AFF6F4004B92A5 /* SetGame2021 */;
			targetProxy = 280A562225AFF6F5004B92A5 /* PBXContainerItemProxy */;
		};
		280A562E25AFF6F5004B92A5 /* PBXTargetDependency */ = {
			isa = PBXTargetDependency;
			target = 280A560F25AFF6F4004B92A5 /* SetGame2021 */;
			targetProxy = 280A562D25AFF6F5004B92A5 /* PBXContainerItemProxy */;
		};
/* End PBXTargetDependency section */

/* Begin XCBuildConfiguration section */
		280A563325AFF6F5004B92A5 /* Debug */ = {
			isa = XCBuildConfiguration;
			buildSettings = {
				ALWAYS_SEARCH_USER_PATHS = NO;
				CLANG_ANALYZER_NONNULL = YES;
				CLANG_ANALYZER_NUMBER_OBJECT_CONVERSION = YES_AGGRESSIVE;
				CLANG_CXX_LANGUAGE_STANDARD = "gnu++14";
				CLANG_CXX_LIBRARY = "libc++";
				CLANG_ENABLE_MODULES = YES;
				CLANG_ENABLE_OBJC_ARC = YES;
				CLANG_ENABLE_OBJC_WEAK = YES;
				CLANG_WARN_BLOCK_CAPTURE_AUTORELEASING = YES;
				CLANG_WARN_BOOL_CONVERSION = YES;
				CLANG_WARN_COMMA = YES;
				CLANG_WARN_CONSTANT_CONVERSION = YES;
				CLANG_WARN_DEPRECATED_OBJC_IMPLEMENTATIONS = YES;
				CLANG_WARN_DIRECT_OBJC_ISA_USAGE = YES_ERROR;
				CLANG_WARN_DOCUMENTATION_COMMENTS = YES;
				CLANG_WARN_EMPTY_BODY = YES;
				CLANG_WARN_ENUM_CONVERSION = YES;
				CLANG_WARN_INFINITE_RECURSION = YES;
				CLANG_WARN_INT_CONVERSION = YES;
				CLANG_WARN_NON_LITERAL_NULL_CONVERSION = YES;
				CLANG_WARN_OBJC_IMPLICIT_RETAIN_SELF = YES;
				CLANG_WARN_OBJC_LITERAL_CONVERSION = YES;
				CLANG_WARN_OBJC_ROOT_CLASS = YES_ERROR;
				CLANG_WARN_QUOTED_INCLUDE_IN_FRAMEWORK_HEADER = YES;
				CLANG_WARN_RANGE_LOOP_ANALYSIS = YES;
				CLANG_WARN_STRICT_PROTOTYPES = YES;
				CLANG_WARN_SUSPICIOUS_MOVE = YES;
				CLANG_WARN_UNGUARDED_AVAILABILITY = YES_AGGRESSIVE;
				CLANG_WARN_UNREACHABLE_CODE = YES;
				CLANG_WARN__DUPLICATE_METHOD_MATCH = YES;
				COPY_PHASE_STRIP = NO;
				DEBUG_INFORMATION_FORMAT = dwarf;
				ENABLE_STRICT_OBJC_MSGSEND = YES;
				ENABLE_TESTABILITY = YES;
				GCC_C_LANGUAGE_STANDARD = gnu11;
				GCC_DYNAMIC_NO_PIC = NO;
				GCC_NO_COMMON_BLOCKS = YES;
				GCC_OPTIMIZATION_LEVEL = 0;
				GCC_PREPROCESSOR_DEFINITIONS = (
					"DEBUG=1",
					"$(inherited)",
				);
				GCC_WARN_64_TO_32_BIT_CONVERSION = YES;
				GCC_WARN_ABOUT_RETURN_TYPE = YES_ERROR;
				GCC_WARN_UNDECLARED_SELECTOR = YES;
				GCC_WARN_UNINITIALIZED_AUTOS = YES_AGGRESSIVE;
				GCC_WARN_UNUSED_FUNCTION = YES;
				GCC_WARN_UNUSED_VARIABLE = YES;
				IPHONEOS_DEPLOYMENT_TARGET = 14.3;
				MTL_ENABLE_DEBUG_INFO = INCLUDE_SOURCE;
				MTL_FAST_MATH = YES;
				ONLY_ACTIVE_ARCH = YES;
				SDKROOT = iphoneos;
				SWIFT_ACTIVE_COMPILATION_CONDITIONS = DEBUG;
				SWIFT_OPTIMIZATION_LEVEL = "-Onone";
			};
			name = Debug;
		};
		280A563425AFF6F5004B92A5 /* Release */ = {
			isa = XCBuildConfiguration;
			buildSettings = {
				ALWAYS_SEARCH_USER_PATHS = NO;
				CLANG_ANALYZER_NONNULL = YES;
				CLANG_ANALYZER_NUMBER_OBJECT_CONVERSION = YES_AGGRESSIVE;
				CLANG_CXX_LANGUAGE_STANDARD = "gnu++14";
				CLANG_CXX_LIBRARY = "libc++";
				CLANG_ENABLE_MODULES = YES;
				CLANG_ENABLE_OBJC_ARC = YES;
				CLANG_ENABLE_OBJC_WEAK = YES;
				CLANG_WARN_BLOCK_CAPTURE_AUTORELEASING = YES;
				CLANG_WARN_BOOL_CONVERSION = YES;
				CLANG_WARN_COMMA = YES;
				CLANG_WARN_CONSTANT_CONVERSION = YES;
				CLANG_WARN_DEPRECATED_OBJC_IMPLEMENTATIONS = YES;
				CLANG_WARN_DIRECT_OBJC_ISA_USAGE = YES_ERROR;
				CLANG_WARN_DOCUMENTATION_COMMENTS = YES;
				CLANG_WARN_EMPTY_BODY = YES;
				CLANG_WARN_ENUM_CONVERSION = YES;
				CLANG_WARN_INFINITE_RECURSION = YES;
				CLANG_WARN_INT_CONVERSION = YES;
				CLANG_WARN_NON_LITERAL_NULL_CONVERSION = YES;
				CLANG_WARN_OBJC_IMPLICIT_RETAIN_SELF = YES;
				CLANG_WARN_OBJC_LITERAL_CONVERSION = YES;
				CLANG_WARN_OBJC_ROOT_CLASS = YES_ERROR;
				CLANG_WARN_QUOTED_INCLUDE_IN_FRAMEWORK_HEADER = YES;
				CLANG_WARN_RANGE_LOOP_ANALYSIS = YES;
				CLANG_WARN_STRICT_PROTOTYPES = YES;
				CLANG_WARN_SUSPICIOUS_MOVE = YES;
				CLANG_WARN_UNGUARDED_AVAILABILITY = YES_AGGRESSIVE;
				CLANG_WARN_UNREACHABLE_CODE = YES;
				CLANG_WARN__DUPLICATE_METHOD_MATCH = YES;
				COPY_PHASE_STRIP = NO;
				DEBUG_INFORMATION_FORMAT = "dwarf-with-dsym";
				ENABLE_NS_ASSERTIONS = NO;
				ENABLE_STRICT_OBJC_MSGSEND = YES;
				GCC_C_LANGUAGE_STANDARD = gnu11;
				GCC_NO_COMMON_BLOCKS = YES;
				GCC_WARN_64_TO_32_BIT_CONVERSION = YES;
				GCC_WARN_ABOUT_RETURN_TYPE = YES_ERROR;
				GCC_WARN_UNDECLARED_SELECTOR = YES;
				GCC_WARN_UNINITIALIZED_AUTOS = YES_AGGRESSIVE;
				GCC_WARN_UNUSED_FUNCTION = YES;
				GCC_WARN_UNUSED_VARIABLE = YES;
				IPHONEOS_DEPLOYMENT_TARGET = 14.3;
				MTL_ENABLE_DEBUG_INFO = NO;
				MTL_FAST_MATH = YES;
				SDKROOT = iphoneos;
				SWIFT_COMPILATION_MODE = wholemodule;
				SWIFT_OPTIMIZATION_LEVEL = "-O";
				VALIDATE_PRODUCT = YES;
			};
			name = Release;
		};
		280A563625AFF6F5004B92A5 /* Debug */ = {
			isa = XCBuildConfiguration;
			buildSettings = {
				ASSETCATALOG_COMPILER_APPICON_NAME = AppIcon;
				ASSETCATALOG_COMPILER_GLOBAL_ACCENT_COLOR_NAME = AccentColor;
				CODE_SIGN_STYLE = Automatic;
				DEVELOPMENT_ASSET_PATHS = "\"SetGame2021/Preview Content\"";
				DEVELOPMENT_TEAM = R3RPTJX8C6;
				ENABLE_PREVIEWS = YES;
				INFOPLIST_FILE = SetGame2021/Info.plist;
				IPHONEOS_DEPLOYMENT_TARGET = 14.0;
				LD_RUNPATH_SEARCH_PATHS = (
					"$(inherited)",
					"@executable_path/Frameworks",
				);
				PRODUCT_BUNDLE_IDENTIFIER = com.mata.SetGame2021;
				PRODUCT_NAME = "$(TARGET_NAME)";
				SWIFT_VERSION = 5.0;
				TARGETED_DEVICE_FAMILY = "1,2";
			};
			name = Debug;
		};
		280A563725AFF6F5004B92A5 /* Release */ = {
			isa = XCBuildConfiguration;
			buildSettings = {
				ASSETCATALOG_COMPILER_APPICON_NAME = AppIcon;
				ASSETCATALOG_COMPILER_GLOBAL_ACCENT_COLOR_NAME = AccentColor;
				CODE_SIGN_STYLE = Automatic;
				DEVELOPMENT_ASSET_PATHS = "\"SetGame2021/Preview Content\"";
				DEVELOPMENT_TEAM = R3RPTJX8C6;
				ENABLE_PREVIEWS = YES;
				INFOPLIST_FILE = SetGame2021/Info.plist;
				IPHONEOS_DEPLOYMENT_TARGET = 14.0;
				LD_RUNPATH_SEARCH_PATHS = (
					"$(inherited)",
					"@executable_path/Frameworks",
				);
				PRODUCT_BUNDLE_IDENTIFIER = com.mata.SetGame2021;
				PRODUCT_NAME = "$(TARGET_NAME)";
				SWIFT_VERSION = 5.0;
				TARGETED_DEVICE_FAMILY = "1,2";
			};
			name = Release;
		};
		280A563925AFF6F5004B92A5 /* Debug */ = {
			isa = XCBuildConfiguration;
			buildSettings = {
				ALWAYS_EMBED_SWIFT_STANDARD_LIBRARIES = YES;
				BUNDLE_LOADER = "$(TEST_HOST)";
				CODE_SIGN_STYLE = Automatic;
				DEVELOPMENT_TEAM = R3RPTJX8C6;
				INFOPLIST_FILE = SetGame2021Tests/Info.plist;
				IPHONEOS_DEPLOYMENT_TARGET = 14.0;
				LD_RUNPATH_SEARCH_PATHS = (
					"$(inherited)",
					"@executable_path/Frameworks",
					"@loader_path/Frameworks",
				);
				PRODUCT_BUNDLE_IDENTIFIER = com.mata.SetGame2021Tests;
				PRODUCT_NAME = "$(TARGET_NAME)";
				SWIFT_VERSION = 5.0;
				TARGETED_DEVICE_FAMILY = "1,2";
				TEST_HOST = "$(BUILT_PRODUCTS_DIR)/SetGame2021.app/SetGame2021";
			};
			name = Debug;
		};
		280A563A25AFF6F5004B92A5 /* Release */ = {
			isa = XCBuildConfiguration;
			buildSettings = {
				ALWAYS_EMBED_SWIFT_STANDARD_LIBRARIES = YES;
				BUNDLE_LOADER = "$(TEST_HOST)";
				CODE_SIGN_STYLE = Automatic;
				DEVELOPMENT_TEAM = R3RPTJX8C6;
				INFOPLIST_FILE = SetGame2021Tests/Info.plist;
				IPHONEOS_DEPLOYMENT_TARGET = 14.0;
				LD_RUNPATH_SEARCH_PATHS = (
					"$(inherited)",
					"@executable_path/Frameworks",
					"@loader_path/Frameworks",
				);
				PRODUCT_BUNDLE_IDENTIFIER = com.mata.SetGame2021Tests;
				PRODUCT_NAME = "$(TARGET_NAME)";
				SWIFT_VERSION = 5.0;
				TARGETED_DEVICE_FAMILY = "1,2";
				TEST_HOST = "$(BUILT_PRODUCTS_DIR)/SetGame2021.app/SetGame2021";
			};
			name = Release;
		};
		280A563C25AFF6F5004B92A5 /* Debug */ = {
			isa = XCBuildConfiguration;
			buildSettings = {
				ALWAYS_EMBED_SWIFT_STANDARD_LIBRARIES = YES;
				CODE_SIGN_STYLE = Automatic;
				DEVELOPMENT_TEAM = R3RPTJX8C6;
				INFOPLIST_FILE = SetGame2021UITests/Info.plist;
				LD_RUNPATH_SEARCH_PATHS = (
					"$(inherited)",
					"@executable_path/Frameworks",
					"@loader_path/Frameworks",
				);
				PRODUCT_BUNDLE_IDENTIFIER = com.mata.SetGame2021UITests;
				PRODUCT_NAME = "$(TARGET_NAME)";
				SWIFT_VERSION = 5.0;
				TARGETED_DEVICE_FAMILY = "1,2";
				TEST_TARGET_NAME = SetGame2021;
			};
			name = Debug;
		};
		280A563D25AFF6F5004B92A5 /* Release */ = {
			isa = XCBuildConfiguration;
			buildSettings = {
				ALWAYS_EMBED_SWIFT_STANDARD_LIBRARIES = YES;
				CODE_SIGN_STYLE = Automatic;
				DEVELOPMENT_TEAM = R3RPTJX8C6;
				INFOPLIST_FILE = SetGame2021UITests/Info.plist;
				LD_RUNPATH_SEARCH_PATHS = (
					"$(inherited)",
					"@executable_path/Frameworks",
					"@loader_path/Frameworks",
				);
				PRODUCT_BUNDLE_IDENTIFIER = com.mata.SetGame2021UITests;
				PRODUCT_NAME = "$(TARGET_NAME)";
				SWIFT_VERSION = 5.0;
				TARGETED_DEVICE_FAMILY = "1,2";
				TEST_TARGET_NAME = SetGame2021;
			};
			name = Release;
		};
/* End XCBuildConfiguration section */

/* Begin XCConfigurationList section */
		280A560B25AFF6F4004B92A5 /* Build configuration list for PBXProject "SetGame2021" */ = {
			isa = XCConfigurationList;
			buildConfigurations = (
				280A563325AFF6F5004B92A5 /* Debug */,
				280A563425AFF6F5004B92A5 /* Release */,
			);
			defaultConfigurationIsVisible = 0;
			defaultConfigurationName = Release;
		};
		280A563525AFF6F5004B92A5 /* Build configuration list for PBXNativeTarget "SetGame2021" */ = {
			isa = XCConfigurationList;
			buildConfigurations = (
				280A563625AFF6F5004B92A5 /* Debug */,
				280A563725AFF6F5004B92A5 /* Release */,
			);
			defaultConfigurationIsVisible = 0;
			defaultConfigurationName = Release;
		};
		280A563825AFF6F5004B92A5 /* Build configuration list for PBXNativeTarget "SetGame2021Tests" */ = {
			isa = XCConfigurationList;
			buildConfigurations = (
				280A563925AFF6F5004B92A5 /* Debug */,
				280A563A25AFF6F5004B92A5 /* Release */,
			);
			defaultConfigurationIsVisible = 0;
			defaultConfigurationName = Release;
		};
		280A563B25AFF6F5004B92A5 /* Build configuration list for PBXNativeTarget "SetGame2021UITests" */ = {
			isa = XCConfigurationList;
			buildConfigurations = (
				280A563C25AFF6F5004B92A5 /* Debug */,
				280A563D25AFF6F5004B92A5 /* Release */,
			);
			defaultConfigurationIsVisible = 0;
			defaultConfigurationName = Release;
		};
/* End XCConfigurationList section */
	};
	rootObject = 280A560825AFF6F4004B92A5 /* Project object */;
}
